
Microsoft Visual Studio Solution File, Format Version 12.00
# Visual Studio Version 17
VisualStudioVersion = 17.2.32630.192
MinimumVisualStudioVersion = 10.0.40219.1
Project("{E24C65DC-7377-472B-9ABA-BC803B73C61A}") = "Flex", "Flex\", "{EC08372E-5FC9-496D-A97C-A7B3CB3C5B5B}"
	ProjectSection(WebsiteProperties) = preProject
		TargetFrameworkMoniker = ".NETFramework,Version%3Dv4.7.2"
		Debug.AspNetCompiler.VirtualPath = "/localhost_51207"
		Debug.AspNetCompiler.PhysicalPath = "Flex\"
		Debug.AspNetCompiler.TargetPath = "PrecompiledWeb\localhost_51207\"
		Debug.AspNetCompiler.Updateable = "true"
		Debug.AspNetCompiler.ForceOverwrite = "true"
		Debug.AspNetCompiler.FixedNames = "false"
		Debug.AspNetCompiler.Debug = "True"
		Release.AspNetCompiler.VirtualPath = "/localhost_51207"
		Release.AspNetCompiler.PhysicalPath = "Flex\"
		Release.AspNetCompiler.TargetPath = "PrecompiledWeb\localhost_51207\"
		Release.AspNetCompiler.Updateable = "true"
		Release.AspNetCompiler.ForceOverwrite = "true"
		Release.AspNetCompiler.FixedNames = "false"
		Release.AspNetCompiler.Debug = "False"
		VWDPort = "51207"
		SlnRelativePath = "Flex\"
		DefaultWebSiteLanguage = "Visual C#"
	EndProjectSection
EndProject
Global
	GlobalSection(SolutionConfigurationPlatforms) = preSolution
		Debug|Any CPU = Debug|Any CPU
	EndGlobalSection
	GlobalSection(ProjectConfigurationPlatforms) = postSolution
		{EC08372E-5FC9-496D-A97C-A7B3CB3C5B5B}.Debug|Any CPU.ActiveCfg = Debug|Any CPU
		{EC08372E-5FC9-496D-A97C-A7B3CB3C5B5B}.Debug|Any CPU.Build.0 = Debug|Any CPU
	EndGlobalSection
	GlobalSection(SolutionProperties) = preSolution
		HideSolutionNode = FALSE
	EndGlobalSection
	GlobalSection(ExtensibilityGlobals) = postSolution
		SolutionGuid = {AE936CA5-B819-48B9-8AC3-052A051BBA3B}
	EndGlobalSection
EndGlobal
